
Microsoft Visual Studio Solution File, Format Version 12.00
# Visual Studio Version 17
VisualStudioVersion = 17.11.35222.181
MinimumVisualStudioVersion = 10.0.40219.1
Project("{8BC9CEB8-8B4A-11D0-8D11-00A0C91BC942}") = "Test2", "Test2\Test2.vcxproj", "{70B5427D-32CE-447F-AFDD-E09A624461C6}"
EndProject
Project("{8BC9CEB8-8B4A-11D0-8D11-00A0C91BC942}") = "Test2-2", "Test2-2\Test2-2.vcxproj", "{DEAF5403-A5F6-4A38-A4F0-89E7E72601AD}"
EndProject
Project("{8BC9CEB8-8B4A-11D0-8D11-00A0C91BC942}") = "MKR1", "MKR1\MKR1.vcxproj", "{FBC647DF-6814-4981-AA31-196B7B586D50}"
EndProject
Project("{8BC9CEB8-8B4A-11D0-8D11-00A0C91BC942}") = "Test3", "Test3\Test3.vcxproj", "{C45A7C98-A564-447D-BAD1-51A8BC10DDD5}"
EndProject
Project("{8BC9CEB8-8B4A-11D0-8D11-00A0C91BC942}") = "Test4", "Test4\Test4.vcxproj", "{9AA30AC2-C814-4CA8-B1A0-7E482400851E}"
EndProject
Project("{8BC9CEB8-8B4A-11D0-8D11-00A0C91BC942}") = "Test5", "Test5\Test5.vcxproj", "{FD6C20E5-99FC-405C-85F0-AC2FBAB0452A}"
EndProject
Project("{8BC9CEB8-8B4A-11D0-8D11-00A0C91BC942}") = "Test-0", "Test-0\Test-0.vcxproj", "{F59A06F5-AD4C-4EB9-9B60-05CD6CD48258}"
EndProject
Project("{8BC9CEB8-8B4A-11D0-8D11-00A0C91BC942}") = "Test6", "Test6\Test6.vcxproj", "{92F10121-3880-477B-88B9-3580B50AD493}"
EndProject
Project("{8BC9CEB8-8B4A-11D0-8D11-00A0C91BC942}") = "6-1", "6-1\6-1.vcxproj", "{4EF8AE84-8DB7-4C0F-8813-08E0C82C2132}"
EndProject
Project("{8BC9CEB8-8B4A-11D0-8D11-00A0C91BC942}") = "Modul_2", "Modul_2\Modul_2.vcxproj", "{49D4D002-B850-4D03-B792-331ED41C3C1F}"
EndProject
Project("{8BC9CEB8-8B4A-11D0-8D11-00A0C91BC942}") = "Exam_1", "Exam_1\Exam_1.vcxproj", "{4FDA7F12-4D63-418B-B9D9-CD01583C33DA}"
EndProject
Project("{8BC9CEB8-8B4A-11D0-8D11-00A0C91BC942}") = "TestApplication", "TestApplication\TestApplication.vcxproj", "{18966EB3-8928-49F4-97E6-DA52904DDCD5}"
EndProject
Project("{8BC9CEB8-8B4A-11D0-8D11-00A0C91BC942}") = "Test_1_21_02", "Test_1_21_02\Test_1_21_02.vcxproj", "{76298138-315B-43E9-AC3C-C79FAC9E5839}"
EndProject
Global
	GlobalSection(SolutionConfigurationPlatforms) = preSolution
		Debug|x64 = Debug|x64
		Debug|x86 = Debug|x86
		Release|x64 = Release|x64
		Release|x86 = Release|x86
	EndGlobalSection
	GlobalSection(ProjectConfigurationPlatforms) = postSolution
		{70B5427D-32CE-447F-AFDD-E09A624461C6}.Debug|x64.ActiveCfg = Debug|x64
		{70B5427D-32CE-447F-AFDD-E09A624461C6}.Debug|x64.Build.0 = Debug|x64
		{70B5427D-32CE-447F-AFDD-E09A624461C6}.Debug|x86.ActiveCfg = Debug|Win32
		{70B5427D-32CE-447F-AFDD-E09A624461C6}.Debug|x86.Build.0 = Debug|Win32
		{70B5427D-32CE-447F-AFDD-E09A624461C6}.Release|x64.ActiveCfg = Release|x64
		{70B5427D-32CE-447F-AFDD-E09A624461C6}.Release|x64.Build.0 = Release|x64
		{70B5427D-32CE-447F-AFDD-E09A624461C6}.Release|x86.ActiveCfg = Release|Win32
		{70B5427D-32CE-447F-AFDD-E09A624461C6}.Release|x86.Build.0 = Release|Win32
		{DEAF5403-A5F6-4A38-A4F0-89E7E72601AD}.Debug|x64.ActiveCfg = Debug|x64
		{DEAF5403-A5F6-4A38-A4F0-89E7E72601AD}.Debug|x64.Build.0 = Debug|x64
		{DEAF5403-A5F6-4A38-A4F0-89E7E72601AD}.Debug|x86.ActiveCfg = Debug|Win32
		{DEAF5403-A5F6-4A38-A4F0-89E7E72601AD}.Debug|x86.Build.0 = Debug|Win32
		{DEAF5403-A5F6-4A38-A4F0-89E7E72601AD}.Release|x64.ActiveCfg = Release|x64
		{DEAF5403-A5F6-4A38-A4F0-89E7E72601AD}.Release|x64.Build.0 = Release|x64
		{DEAF5403-A5F6-4A38-A4F0-89E7E72601AD}.Release|x86.ActiveCfg = Release|Win32
		{DEAF5403-A5F6-4A38-A4F0-89E7E72601AD}.Release|x86.Build.0 = Release|Win32
		{FBC647DF-6814-4981-AA31-196B7B586D50}.Debug|x64.ActiveCfg = Debug|x64
		{FBC647DF-6814-4981-AA31-196B7B586D50}.Debug|x64.Build.0 = Debug|x64
		{FBC647DF-6814-4981-AA31-196B7B586D50}.Debug|x86.ActiveCfg = Debug|Win32
		{FBC647DF-6814-4981-AA31-196B7B586D50}.Debug|x86.Build.0 = Debug|Win32
		{FBC647DF-6814-4981-AA31-196B7B586D50}.Release|x64.ActiveCfg = Release|x64
		{FBC647DF-6814-4981-AA31-196B7B586D50}.Release|x64.Build.0 = Release|x64
		{FBC647DF-6814-4981-AA31-196B7B586D50}.Release|x86.ActiveCfg = Release|Win32
		{FBC647DF-6814-4981-AA31-196B7B586D50}.Release|x86.Build.0 = Release|Win32
		{C45A7C98-A564-447D-BAD1-51A8BC10DDD5}.Debug|x64.ActiveCfg = Debug|x64
		{C45A7C98-A564-447D-BAD1-51A8BC10DDD5}.Debug|x64.Build.0 = Debug|x64
		{C45A7C98-A564-447D-BAD1-51A8BC10DDD5}.Debug|x86.ActiveCfg = Debug|Win32
		{C45A7C98-A564-447D-BAD1-51A8BC10DDD5}.Debug|x86.Build.0 = Debug|Win32
		{C45A7C98-A564-447D-BAD1-51A8BC10DDD5}.Release|x64.ActiveCfg = Release|x64
		{C45A7C98-A564-447D-BAD1-51A8BC10DDD5}.Release|x64.Build.0 = Release|x64
		{C45A7C98-A564-447D-BAD1-51A8BC10DDD5}.Release|x86.ActiveCfg = Release|Win32
		{C45A7C98-A564-447D-BAD1-51A8BC10DDD5}.Release|x86.Build.0 = Release|Win32
		{9AA30AC2-C814-4CA8-B1A0-7E482400851E}.Debug|x64.ActiveCfg = Debug|x64
		{9AA30AC2-C814-4CA8-B1A0-7E482400851E}.Debug|x64.Build.0 = Debug|x64
		{9AA30AC2-C814-4CA8-B1A0-7E482400851E}.Debug|x86.ActiveCfg = Debug|Win32
		{9AA30AC2-C814-4CA8-B1A0-7E482400851E}.Debug|x86.Build.0 = Debug|Win32
		{9AA30AC2-C814-4CA8-B1A0-7E482400851E}.Release|x64.ActiveCfg = Release|x64
		{9AA30AC2-C814-4CA8-B1A0-7E482400851E}.Release|x64.Build.0 = Release|x64
		{9AA30AC2-C814-4CA8-B1A0-7E482400851E}.Release|x86.ActiveCfg = Release|Win32
		{9AA30AC2-C814-4CA8-B1A0-7E482400851E}.Release|x86.Build.0 = Release|Win32
		{FD6C20E5-99FC-405C-85F0-AC2FBAB0452A}.Debug|x64.ActiveCfg = Debug|x64
		{FD6C20E5-99FC-405C-85F0-AC2FBAB0452A}.Debug|x64.Build.0 = Debug|x64
		{FD6C20E5-99FC-405C-85F0-AC2FBAB0452A}.Debug|x86.ActiveCfg = Debug|Win32
		{FD6C20E5-99FC-405C-85F0-AC2FBAB0452A}.Debug|x86.Build.0 = Debug|Win32
		{FD6C20E5-99FC-405C-85F0-AC2FBAB0452A}.Release|x64.ActiveCfg = Release|x64
		{FD6C20E5-99FC-405C-85F0-AC2FBAB0452A}.Release|x64.Build.0 = Release|x64
		{FD6C20E5-99FC-405C-85F0-AC2FBAB0452A}.Release|x86.ActiveCfg = Release|Win32
		{FD6C20E5-99FC-405C-85F0-AC2FBAB0452A}.Release|x86.Build.0 = Release|Win32
		{F59A06F5-AD4C-4EB9-9B60-05CD6CD48258}.Debug|x64.ActiveCfg = Debug|x64
		{F59A06F5-AD4C-4EB9-9B60-05CD6CD48258}.Debug|x64.Build.0 = Debug|x64
		{F59A06F5-AD4C-4EB9-9B60-05CD6CD48258}.Debug|x86.ActiveCfg = Debug|Win32
		{F59A06F5-AD4C-4EB9-9B60-05CD6CD48258}.Debug|x86.Build.0 = Debug|Win32
		{F59A06F5-AD4C-4EB9-9B60-05CD6CD48258}.Release|x64.ActiveCfg = Release|x64
		{F59A06F5-AD4C-4EB9-9B60-05CD6CD48258}.Release|x64.Build.0 = Release|x64
		{F59A06F5-AD4C-4EB9-9B60-05CD6CD48258}.Release|x86.ActiveCfg = Release|Win32
		{F59A06F5-AD4C-4EB9-9B60-05CD6CD48258}.Release|x86.Build.0 = Release|Win32
		{92F10121-3880-477B-88B9-3580B50AD493}.Debug|x64.ActiveCfg = Debug|x64
		{92F10121-3880-477B-88B9-3580B50AD493}.Debug|x64.Build.0 = Debug|x64
		{92F10121-3880-477B-88B9-3580B50AD493}.Debug|x86.ActiveCfg = Debug|Win32
		{92F10121-3880-477B-88B9-3580B50AD493}.Debug|x86.Build.0 = Debug|Win32
		{92F10121-3880-477B-88B9-3580B50AD493}.Release|x64.ActiveCfg = Release|x64
		{92F10121-3880-477B-88B9-3580B50AD493}.Release|x64.Build.0 = Release|x64
		{92F10121-3880-477B-88B9-3580B50AD493}.Release|x86.ActiveCfg = Release|Win32
		{92F10121-3880-477B-88B9-3580B50AD493}.Release|x86.Build.0 = Release|Win32
		{4EF8AE84-8DB7-4C0F-8813-08E0C82C2132}.Debug|x64.ActiveCfg = Debug|x64
		{4EF8AE84-8DB7-4C0F-8813-08E0C82C2132}.Debug|x64.Build.0 = Debug|x64
		{4EF8AE84-8DB7-4C0F-8813-08E0C82C2132}.Debug|x86.ActiveCfg = Debug|Win32
		{4EF8AE84-8DB7-4C0F-8813-08E0C82C2132}.Debug|x86.Build.0 = Debug|Win32
		{4EF8AE84-8DB7-4C0F-8813-08E0C82C2132}.Release|x64.ActiveCfg = Release|x64
		{4EF8AE84-8DB7-4C0F-8813-08E0C82C2132}.Release|x64.Build.0 = Release|x64
		{4EF8AE84-8DB7-4C0F-8813-08E0C82C2132}.Release|x86.ActiveCfg = Release|Win32
		{4EF8AE84-8DB7-4C0F-8813-08E0C82C2132}.Release|x86.Build.0 = Release|Win32
		{49D4D002-B850-4D03-B792-331ED41C3C1F}.Debug|x64.ActiveCfg = Debug|x64
		{49D4D002-B850-4D03-B792-331ED41C3C1F}.Debug|x64.Build.0 = Debug|x64
		{49D4D002-B850-4D03-B792-331ED41C3C1F}.Debug|x86.ActiveCfg = Debug|Win32
		{49D4D002-B850-4D03-B792-331ED41C3C1F}.Debug|x86.Build.0 = Debug|Win32
		{49D4D002-B850-4D03-B792-331ED41C3C1F}.Release|x64.ActiveCfg = Release|x64
		{49D4D002-B850-4D03-B792-331ED41C3C1F}.Release|x64.Build.0 = Release|x64
		{49D4D002-B850-4D03-B792-331ED41C3C1F}.Release|x86.ActiveCfg = Release|Win32
		{49D4D002-B850-4D03-B792-331ED41C3C1F}.Release|x86.Build.0 = Release|Win32
		{4FDA7F12-4D63-418B-B9D9-CD01583C33DA}.Debug|x64.ActiveCfg = Debug|x64
		{4FDA7F12-4D63-418B-B9D9-CD01583C33DA}.Debug|x64.Build.0 = Debug|x64
		{4FDA7F12-4D63-418B-B9D9-CD01583C33DA}.Debug|x86.ActiveCfg = Debug|Win32
		{4FDA7F12-4D63-418B-B9D9-CD01583C33DA}.Debug|x86.Build.0 = Debug|Win32
		{4FDA7F12-4D63-418B-B9D9-CD01583C33DA}.Release|x64.ActiveCfg = Release|x64
		{4FDA7F12-4D63-418B-B9D9-CD01583C33DA}.Release|x64.Build.0 = Release|x64
		{4FDA7F12-4D63-418B-B9D9-CD01583C33DA}.Release|x86.ActiveCfg = Release|Win32
		{4FDA7F12-4D63-418B-B9D9-CD01583C33DA}.Release|x86.Build.0 = Release|Win32
		{18966EB3-8928-49F4-97E6-DA52904DDCD5}.Debug|x64.ActiveCfg = Debug|x64
		{18966EB3-8928-49F4-97E6-DA52904DDCD5}.Debug|x64.Build.0 = Debug|x64
		{18966EB3-8928-49F4-97E6-DA52904DDCD5}.Debug|x86.ActiveCfg = Debug|Win32
		{18966EB3-8928-49F4-97E6-DA52904DDCD5}.Debug|x86.Build.0 = Debug|Win32
		{18966EB3-8928-49F4-97E6-DA52904DDCD5}.Release|x64.ActiveCfg = Release|x64
		{18966EB3-8928-49F4-97E6-DA52904DDCD5}.Release|x64.Build.0 = Release|x64
		{18966EB3-8928-49F4-97E6-DA52904DDCD5}.Release|x86.ActiveCfg = Release|Win32
		{18966EB3-8928-49F4-97E6-DA52904DDCD5}.Release|x86.Build.0 = Release|Win32
		{76298138-315B-43E9-AC3C-C79FAC9E5839}.Debug|x64.ActiveCfg = Debug|x64
		{76298138-315B-43E9-AC3C-C79FAC9E5839}.Debug|x64.Build.0 = Debug|x64
		{76298138-315B-43E9-AC3C-C79FAC9E5839}.Debug|x86.ActiveCfg = Debug|Win32
		{76298138-315B-43E9-AC3C-C79FAC9E5839}.Debug|x86.Build.0 = Debug|Win32
		{76298138-315B-43E9-AC3C-C79FAC9E5839}.Release|x64.ActiveCfg = Release|x64
		{76298138-315B-43E9-AC3C-C79FAC9E5839}.Release|x64.Build.0 = Release|x64
		{76298138-315B-43E9-AC3C-C79FAC9E5839}.Release|x86.ActiveCfg = Release|Win32
		{76298138-315B-43E9-AC3C-C79FAC9E5839}.Release|x86.Build.0 = Release|Win32
	EndGlobalSection
	GlobalSection(SolutionProperties) = preSolution
		HideSolutionNode = FALSE
	EndGlobalSection
	GlobalSection(ExtensibilityGlobals) = postSolution
		SolutionGuid = {8BBBA210-2BB6-40F3-BE2E-B3D89BAEE2E1}
	EndGlobalSection
EndGlobal
